# This file was autogenerated by Stack.
# You should not edit this file by hand.
# For more information, please see the documentation at:
#   https://docs.haskellstack.org/en/stable/lock_files

packages:
- completed:
    cabal-file:
      size: 47005
      sha256: 40da1664e2b3b4429d94dc14242ed08269efd1fe51b1b91c7af907bb7e18df2c
    name: purescript
    version: 0.13.0
    git: https://github.com/purescript/purescript
    pantry-tree:
      size: 76964
      sha256: 00d0de019d0c0b9a73a234bc4dc00da112fa46d0edfe203a746c285657e78581
    commit: 738aaa2f21097c7f18aa8100b16ae52316addb04
  original:
    git: https://github.com/purescript/purescript
    commit: 738aaa2f21097c7f18aa8100b16ae52316addb04
- completed:
    hackage: network-3.0.1.1@sha256:1a251b790ea98b6f7433f677958f921950780ba6f143d61ba8c0e3f7a9879097,4074
    pantry-tree:
      size: 3296
      sha256: 78e378780c998faaf4e32a16b98880220f502d8ef005f24d7ee0c99fb50636e6
  original:
    hackage: network-3.0.1.1
- completed:
    hackage: pipes-http-1.0.5@sha256:94950f5640b2f41bec290c9c181f2963bf138ecd1600d630b8c7505ee4d3b704,984
    pantry-tree:
      size: 211
      sha256: 33da00254ce93e7d80027bb1d76774c8cfa35b3667d87d50e18887efc7b7ef6b
  original:
    hackage: pipes-http-1.0.5
- completed:
    hackage: optparse-applicative-0.15.0.0@sha256:eb2a0ef9775339ffed5ee65b2549d108524af5ac9057c664aa4e4a8105cc4c14,4673
    pantry-tree:
      size: 2903
      sha256: 6dd4bc2c016291ffc13d5eb0ba51b796e7e5d36d6a66a2236117e6081cc171e4
  original:
    hackage: optparse-applicative-0.15.0.0
- completed:
    hackage: prettyprinter-1.3.0@sha256:ec5617044a1088a37d009d005ed84159b67f18f47bfdac85fb428ec2a80c0788,5503
    pantry-tree:
      size: 2105
      sha256: 4377e72f4341cd9810a9f70137c21075e2b444a317784bb6f3d3f5ba2f463a6d
  original:
    hackage: prettyprinter-1.3.0
snapshots:
- completed:
    size: 496635
    url: https://raw.githubusercontent.com/commercialhaskell/stackage-snapshots/master/lts/13/12.yaml
    sha256: 67b74d6acad1342ba8089b75f415c1c63897e3f32091863c921104e8d0bdcfa0
  original: lts-13.12
